
Microsoft Visual Studio Solution File, Format Version 11.00
# Visual Studio 2010
Project("{FAE04EC0-301F-11D3-BF4B-00C04F79EFBC}") = "Assembly-CSharp", "Assembly-CSharp.csproj", "{145043e5-4c53-aa33-e193-efd99f40aa06}"
EndProject
Project("{FAE04EC0-301F-11D3-BF4B-00C04F79EFBC}") = "IngameDebugConsole.Runtime", "IngameDebugConsole.Runtime.csproj", "{e7787db3-92fc-eee5-a4b4-9bd765de58af}"
EndProject
Project("{FAE04EC0-301F-11D3-BF4B-00C04F79EFBC}") = "IngameDebugConsole.Editor", "IngameDebugConsole.Editor.csproj", "{6c58255f-3147-2b62-fece-5fa4568c5172}"
EndProject
Global
	GlobalSection(SolutionConfigurationPlatforms) = preSolution
		Debug|Any CPU = Debug|Any CPU
		Release|Any CPU = Release|Any CPU
	EndGlobalSection
	GlobalSection(ProjectConfigurationPlatforms) = postSolution
		{145043e5-4c53-aa33-e193-efd99f40aa06}.Debug|Any CPU.ActiveCfg = Debug|Any CPU
		{145043e5-4c53-aa33-e193-efd99f40aa06}.Debug|Any CPU.Build.0 = Debug|Any CPU
		{145043e5-4c53-aa33-e193-efd99f40aa06}.Release|Any CPU.ActiveCfg = Release|Any CPU
		{145043e5-4c53-aa33-e193-efd99f40aa06}.Release|Any CPU.Build.0 = Release|Any CPU
		{e7787db3-92fc-eee5-a4b4-9bd765de58af}.Debug|Any CPU.ActiveCfg = Debug|Any CPU
		{e7787db3-92fc-eee5-a4b4-9bd765de58af}.Debug|Any CPU.Build.0 = Debug|Any CPU
		{e7787db3-92fc-eee5-a4b4-9bd765de58af}.Release|Any CPU.ActiveCfg = Release|Any CPU
		{e7787db3-92fc-eee5-a4b4-9bd765de58af}.Release|Any CPU.Build.0 = Release|Any CPU
		{6c58255f-3147-2b62-fece-5fa4568c5172}.Debug|Any CPU.ActiveCfg = Debug|Any CPU
		{6c58255f-3147-2b62-fece-5fa4568c5172}.Debug|Any CPU.Build.0 = Debug|Any CPU
		{6c58255f-3147-2b62-fece-5fa4568c5172}.Release|Any CPU.ActiveCfg = Release|Any CPU
		{6c58255f-3147-2b62-fece-5fa4568c5172}.Release|Any CPU.Build.0 = Release|Any CPU
	EndGlobalSection
	GlobalSection(SolutionProperties) = preSolution
		HideSolutionNode = FALSE
	EndGlobalSection
EndGlobal
